// !$*UTF8*$!
{
	archiveVersion = 1;
	classes = {
	};
	objectVersion = 56;
	objects = {

/* Begin PBXBuildFile section */
		6F42592129DC1CB100718046 /* TableViewCell.swift in Sources */ = {isa = PBXBuildFile; fileRef = 6F42591F29DC1CB100718046 /* TableViewCell.swift */; };
		6F42592229DC1CB100718046 /* TableViewCell.xib in Resources */ = {isa = PBXBuildFile; fileRef = 6F42592029DC1CB100718046 /* TableViewCell.xib */; };
		6F42592429DC1DF500718046 /* MainViewController.swift in Sources */ = {isa = PBXBuildFile; fileRef = 6F42592329DC1DF500718046 /* MainViewController.swift */; };
		6FA053B729B9C5820063A29A /* AppDelegate.swift in Sources */ = {isa = PBXBuildFile; fileRef = 6FA053B629B9C5820063A29A /* AppDelegate.swift */; };
		6FA053B929B9C5820063A29A /* SceneDelegate.swift in Sources */ = {isa = PBXBuildFile; fileRef = 6FA053B829B9C5820063A29A /* SceneDelegate.swift */; };
		6FA053BB29B9C5820063A29A /* ViewController.swift in Sources */ = {isa = PBXBuildFile; fileRef = 6FA053BA29B9C5820063A29A /* ViewController.swift */; };
		6FA053BE29B9C5820063A29A /* Main.storyboard in Resources */ = {isa = PBXBuildFile; fileRef = 6FA053BC29B9C5820063A29A /* Main.storyboard */; };
		6FA053C029B9C5840063A29A /* Assets.xcassets in Resources */ = {isa = PBXBuildFile; fileRef = 6FA053BF29B9C5840063A29A /* Assets.xcassets */; };
		6FA053C329B9C5840063A29A /* LaunchScreen.storyboard in Resources */ = {isa = PBXBuildFile; fileRef = 6FA053C129B9C5840063A29A /* LaunchScreen.storyboard */; };
		6FA053CE29B9C5840063A29A /* MusicAppTests.swift in Sources */ = {isa = PBXBuildFile; fileRef = 6FA053CD29B9C5840063A29A /* MusicAppTests.swift */; };
		6FA053D829B9C5840063A29A /* MusicAppUITests.swift in Sources */ = {isa = PBXBuildFile; fileRef = 6FA053D729B9C5840063A29A /* MusicAppUITests.swift */; };
		6FA053DA29B9C5840063A29A /* MusicAppUITestsLaunchTests.swift in Sources */ = {isa = PBXBuildFile; fileRef = 6FA053D929B9C5840063A29A /* MusicAppUITestsLaunchTests.swift */; };
		6FA053E929B9C8F80063A29A /* Music.swift in Sources */ = {isa = PBXBuildFile; fileRef = 6FA053E829B9C8F80063A29A /* Music.swift */; };
		6FF74A0E29BF785D00877D45 /* Numb.mp3 in Resources */ = {isa = PBXBuildFile; fileRef = 6FF74A0D29BF785D00877D45 /* Numb.mp3 */; };
		6FF74A1029BF786100877D45 /* Gold.mp3 in Resources */ = {isa = PBXBuildFile; fileRef = 6FF74A0F29BF786100877D45 /* Gold.mp3 */; };
		6FF74A1329BF786600877D45 /* Summertime Sadness.mp3 in Resources */ = {isa = PBXBuildFile; fileRef = 6FF74A1129BF786600877D45 /* Summertime Sadness.mp3 */; };
		6FF74A1429BF786600877D45 /* The Resistance.mp3 in Resources */ = {isa = PBXBuildFile; fileRef = 6FF74A1229BF786600877D45 /* The Resistance.mp3 */; };
		6FF74A1729BF786E00877D45 /* Something In The Way.mp3 in Resources */ = {isa = PBXBuildFile; fileRef = 6FF74A1529BF786E00877D45 /* Something In The Way.mp3 */; };
		6FF74A1829BF786E00877D45 /* Superman.mp3 in Resources */ = {isa = PBXBuildFile; fileRef = 6FF74A1629BF786E00877D45 /* Superman.mp3 */; };
/* End PBXBuildFile section */

/* Begin PBXContainerItemProxy section */
		6FA053CA29B9C5840063A29A /* PBXContainerItemProxy */ = {
			isa = PBXContainerItemProxy;
			containerPortal = 6FA053AB29B9C5820063A29A /* Project object */;
			proxyType = 1;
			remoteGlobalIDString = 6FA053B229B9C5820063A29A;
			remoteInfo = MusicApp;
		};
		6FA053D429B9C5840063A29A /* PBXContainerItemProxy */ = {
			isa = PBXContainerItemProxy;
			containerPortal = 6FA053AB29B9C5820063A29A /* Project object */;
			proxyType = 1;
			remoteGlobalIDString = 6FA053B229B9C5820063A29A;
			remoteInfo = MusicApp;
		};
/* End PBXContainerItemProxy section */

/* Begin PBXFileReference section */
		6F42591F29DC1CB100718046 /* TableViewCell.swift */ = {isa = PBXFileReference; lastKnownFileType = sourcecode.swift; path = TableViewCell.swift; sourceTree = "<group>"; };
		6F42592029DC1CB100718046 /* TableViewCell.xib */ = {isa = PBXFileReference; lastKnownFileType = file.xib; path = TableViewCell.xib; sourceTree = "<group>"; };
		6F42592329DC1DF500718046 /* MainViewController.swift */ = {isa = PBXFileReference; lastKnownFileType = sourcecode.swift; path = MainViewController.swift; sourceTree = "<group>"; };
		6FA053B329B9C5820063A29A /* MusicApp.app */ = {isa = PBXFileReference; explicitFileType = wrapper.application; includeInIndex = 0; path = MusicApp.app; sourceTree = BUILT_PRODUCTS_DIR; };
		6FA053B629B9C5820063A29A /* AppDelegate.swift */ = {isa = PBXFileReference; lastKnownFileType = sourcecode.swift; path = AppDelegate.swift; sourceTree = "<group>"; };
		6FA053B829B9C5820063A29A /* SceneDelegate.swift */ = {isa = PBXFileReference; lastKnownFileType = sourcecode.swift; path = SceneDelegate.swift; sourceTree = "<group>"; };
		6FA053BA29B9C5820063A29A /* ViewController.swift */ = {isa = PBXFileReference; lastKnownFileType = sourcecode.swift; path = ViewController.swift; sourceTree = "<group>"; };
		6FA053BD29B9C5820063A29A /* Base */ = {isa = PBXFileReference; lastKnownFileType = file.storyboard; name = Base; path = Base.lproj/Main.storyboard; sourceTree = "<group>"; };
		6FA053BF29B9C5840063A29A /* Assets.xcassets */ = {isa = PBXFileReference; lastKnownFileType = folder.assetcatalog; path = Assets.xcassets; sourceTree = "<group>"; };
		6FA053C229B9C5840063A29A /* Base */ = {isa = PBXFileReference; lastKnownFileType = file.storyboard; name = Base; path = Base.lproj/LaunchScreen.storyboard; sourceTree = "<group>"; };
		6FA053C429B9C5840063A29A /* Info.plist */ = {isa = PBXFileReference; lastKnownFileType = text.plist.xml; path = Info.plist; sourceTree = "<group>"; };
		6FA053C929B9C5840063A29A /* MusicAppTests.xctest */ = {isa = PBXFileReference; explicitFileType = wrapper.cfbundle; includeInIndex = 0; path = MusicAppTests.xctest; sourceTree = BUILT_PRODUCTS_DIR; };
		6FA053CD29B9C5840063A29A /* MusicAppTests.swift */ = {isa = PBXFileReference; lastKnownFileType = sourcecode.swift; path = MusicAppTests.swift; sourceTree = "<group>"; };
		6FA053D329B9C5840063A29A /* MusicAppUITests.xctest */ = {isa = PBXFileReference; explicitFileType = wrapper.cfbundle; includeInIndex = 0; path = MusicAppUITests.xctest; sourceTree = BUILT_PRODUCTS_DIR; };
		6FA053D729B9C5840063A29A /* MusicAppUITests.swift */ = {isa = PBXFileReference; lastKnownFileType = sourcecode.swift; path = MusicAppUITests.swift; sourceTree = "<group>"; };
		6FA053D929B9C5840063A29A /* MusicAppUITestsLaunchTests.swift */ = {isa = PBXFileReference; lastKnownFileType = sourcecode.swift; path = MusicAppUITestsLaunchTests.swift; sourceTree = "<group>"; };
		6FA053E829B9C8F80063A29A /* Music.swift */ = {isa = PBXFileReference; lastKnownFileType = sourcecode.swift; path = Music.swift; sourceTree = "<group>"; };
		6FF74A0D29BF785D00877D45 /* Numb.mp3 */ = {isa = PBXFileReference; lastKnownFileType = audio.mp3; name = Numb.mp3; path = ../../../../Downloads/Music/Numb.mp3; sourceTree = "<group>"; };
		6FF74A0F29BF786100877D45 /* Gold.mp3 */ = {isa = PBXFileReference; lastKnownFileType = audio.mp3; name = Gold.mp3; path = ../../../../Downloads/Music/Gold.mp3; sourceTree = "<group>"; };
		6FF74A1129BF786600877D45 /* Summertime Sadness.mp3 */ = {isa = PBXFileReference; lastKnownFileType = audio.mp3; name = "Summertime Sadness.mp3"; path = "../../../../Downloads/Music/Summertime Sadness.mp3"; sourceTree = "<group>"; };
		6FF74A1229BF786600877D45 /* The Resistance.mp3 */ = {isa = PBXFileReference; lastKnownFileType = audio.mp3; name = "The Resistance.mp3"; path = "../../../../Downloads/Music/The Resistance.mp3"; sourceTree = "<group>"; };
		6FF74A1529BF786E00877D45 /* Something In The Way.mp3 */ = {isa = PBXFileReference; lastKnownFileType = audio.mp3; name = "Something In The Way.mp3"; path = "../../../../Downloads/Music/Something In The Way.mp3"; sourceTree = "<group>"; };
		6FF74A1629BF786E00877D45 /* Superman.mp3 */ = {isa = PBXFileReference; lastKnownFileType = audio.mp3; name = Superman.mp3; path = ../../../../Downloads/Music/Superman.mp3; sourceTree = "<group>"; };
/* End PBXFileReference section */

/* Begin PBXFrameworksBuildPhase section */
		6FA053B029B9C5820063A29A /* Frameworks */ = {
			isa = PBXFrameworksBuildPhase;
			buildActionMask = 2147483647;
			files = (
			);
			runOnlyForDeploymentPostprocessing = 0;
		};
		6FA053C629B9C5840063A29A /* Frameworks */ = {
			isa = PBXFrameworksBuildPhase;
			buildActionMask = 2147483647;
			files = (
			);
			runOnlyForDeploymentPostprocessing = 0;
		};
		6FA053D029B9C5840063A29A /* Frameworks */ = {
			isa = PBXFrameworksBuildPhase;
			buildActionMask = 2147483647;
			files = (
			);
			runOnlyForDeploymentPostprocessing = 0;
		};
/* End PBXFrameworksBuildPhase section */

/* Begin PBXGroup section */
		6FA053AA29B9C5820063A29A = {
			isa = PBXGroup;
			children = (
				6FA053EA29B9EE790063A29A /* Musics */,
				6FA053B529B9C5820063A29A /* MusicApp */,
				6FA053CC29B9C5840063A29A /* MusicAppTests */,
				6FA053D629B9C5840063A29A /* MusicAppUITests */,
				6FA053B429B9C5820063A29A /* Products */,
			);
			sourceTree = "<group>";
		};
		6FA053B429B9C5820063A29A /* Products */ = {
			isa = PBXGroup;
			children = (
				6FA053B329B9C5820063A29A /* MusicApp.app */,
				6FA053C929B9C5840063A29A /* MusicAppTests.xctest */,
				6FA053D329B9C5840063A29A /* MusicAppUITests.xctest */,
			);
			name = Products;
			sourceTree = "<group>";
		};
		6FA053B529B9C5820063A29A /* MusicApp */ = {
			isa = PBXGroup;
			children = (
				6FA053B629B9C5820063A29A /* AppDelegate.swift */,
				6FA053B829B9C5820063A29A /* SceneDelegate.swift */,
				6FA053BA29B9C5820063A29A /* ViewController.swift */,
				6FA053BC29B9C5820063A29A /* Main.storyboard */,
				6FA053BF29B9C5840063A29A /* Assets.xcassets */,
				6FA053C129B9C5840063A29A /* LaunchScreen.storyboard */,
				6FA053C429B9C5840063A29A /* Info.plist */,
				6F42591F29DC1CB100718046 /* TableViewCell.swift */,
				6F42592329DC1DF500718046 /* MainViewController.swift */,
				6F42592029DC1CB100718046 /* TableViewCell.xib */,
				6FA053E829B9C8F80063A29A /* Music.swift */,
			);
			path = MusicApp;
			sourceTree = "<group>";
		};
		6FA053CC29B9C5840063A29A /* MusicAppTests */ = {
			isa = PBXGroup;
			children = (
				6FA053CD29B9C5840063A29A /* MusicAppTests.swift */,
			);
			path = MusicAppTests;
			sourceTree = "<group>";
		};
		6FA053D629B9C5840063A29A /* MusicAppUITests */ = {
			isa = PBXGroup;
			children = (
				6FA053D729B9C5840063A29A /* MusicAppUITests.swift */,
				6FA053D929B9C5840063A29A /* MusicAppUITestsLaunchTests.swift */,
			);
			path = MusicAppUITests;
			sourceTree = "<group>";
		};
		6FA053EA29B9EE790063A29A /* Musics */ = {
			isa = PBXGroup;
			children = (
				6FF74A0D29BF785D00877D45 /* Numb.mp3 */,
				6FF74A1529BF786E00877D45 /* Something In The Way.mp3 */,
				6FF74A1629BF786E00877D45 /* Superman.mp3 */,
				6FF74A1129BF786600877D45 /* Summertime Sadness.mp3 */,
				6FF74A1229BF786600877D45 /* The Resistance.mp3 */,
				6FF74A0F29BF786100877D45 /* Gold.mp3 */,
			);
			path = Musics;
			sourceTree = "<group>";
		};
/* End PBXGroup section */

/* Begin PBXNativeTarget section */
		6FA053B229B9C5820063A29A /* MusicApp */ = {
			isa = PBXNativeTarget;
			buildConfigurationList = 6FA053DD29B9C5840063A29A /* Build configuration list for PBXNativeTarget "MusicApp" */;
			buildPhases = (
				6FA053AF29B9C5820063A29A /* Sources */,
				6FA053B029B9C5820063A29A /* Frameworks */,
				6FA053B129B9C5820063A29A /* Resources */,
			);
			buildRules = (
			);
			dependencies = (
			);
			name = MusicApp;
			productName = MusicApp;
			productReference = 6FA053B329B9C5820063A29A /* MusicApp.app */;
			productType = "com.apple.product-type.application";
		};
		6FA053C829B9C5840063A29A /* MusicAppTests */ = {
			isa = PBXNativeTarget;
			buildConfigurationList = 6FA053E029B9C5840063A29A /* Build configuration list for PBXNativeTarget "MusicAppTests" */;
			buildPhases = (
				6FA053C529B9C5840063A29A /* Sources */,
				6FA053C629B9C5840063A29A /* Frameworks */,
				6FA053C729B9C5840063A29A /* Resources */,
			);
			buildRules = (
			);
			dependencies = (
				6FA053CB29B9C5840063A29A /* PBXTargetDependency */,
			);
			name = MusicAppTests;
			productName = MusicAppTests;
			productReference = 6FA053C929B9C5840063A29A /* MusicAppTests.xctest */;
			productType = "com.apple.product-type.bundle.unit-test";
		};
		6FA053D229B9C5840063A29A /* MusicAppUITests */ = {
			isa = PBXNativeTarget;
			buildConfigurationList = 6FA053E329B9C5840063A29A /* Build configuration list for PBXNativeTarget "MusicAppUITests" */;
			buildPhases = (
				6FA053CF29B9C5840063A29A /* Sources */,
				6FA053D029B9C5840063A29A /* Frameworks */,
				6FA053D129B9C5840063A29A /* Resources */,
			);
			buildRules = (
			);
			dependencies = (
				6FA053D529B9C5840063A29A /* PBXTargetDependency */,
			);
			name = MusicAppUITests;
			productName = MusicAppUITests;
			productReference = 6FA053D329B9C5840063A29A /* MusicAppUITests.xctest */;
			productType = "com.apple.product-type.bundle.ui-testing";
		};
/* End PBXNativeTarget section */

/* Begin PBXProject section */
		6FA053AB29B9C5820063A29A /* Project object */ = {
			isa = PBXProject;
			attributes = {
				BuildIndependentTargetsInParallel = 1;
				LastSwiftUpdateCheck = 1420;
				LastUpgradeCheck = 1420;
				TargetAttributes = {
					6FA053B229B9C5820063A29A = {
						CreatedOnToolsVersion = 14.2;
					};
					6FA053C829B9C5840063A29A = {
						CreatedOnToolsVersion = 14.2;
						TestTargetID = 6FA053B229B9C5820063A29A;
					};
					6FA053D229B9C5840063A29A = {
						CreatedOnToolsVersion = 14.2;
						TestTargetID = 6FA053B229B9C5820063A29A;
					};
				};
			};
			buildConfigurationList = 6FA053AE29B9C5820063A29A /* Build configuration list for PBXProject "MusicApp" */;
			compatibilityVersion = "Xcode 14.0";
			developmentRegion = en;
			hasScannedForEncodings = 0;
			knownRegions = (
				en,
				Base,
			);
			mainGroup = 6FA053AA29B9C5820063A29A;
			productRefGroup = 6FA053B429B9C5820063A29A /* Products */;
			projectDirPath = "";
			projectRoot = "";
			targets = (
				6FA053B229B9C5820063A29A /* MusicApp */,
				6FA053C829B9C5840063A29A /* MusicAppTests */,
				6FA053D229B9C5840063A29A /* MusicAppUITests */,
			);
		};
/* End PBXProject section */

/* Begin PBXResourcesBuildPhase section */
		6FA053B129B9C5820063A29A /* Resources */ = {
			isa = PBXResourcesBuildPhase;
			buildActionMask = 2147483647;
			files = (
				6FF74A0E29BF785D00877D45 /* Numb.mp3 in Resources */,
				6F42592229DC1CB100718046 /* TableViewCell.xib in Resources */,
				6FA053C329B9C5840063A29A /* LaunchScreen.storyboard in Resources */,
				6FF74A1829BF786E00877D45 /* Superman.mp3 in Resources */,
				6FF74A1029BF786100877D45 /* Gold.mp3 in Resources */,
				6FF74A1429BF786600877D45 /* The Resistance.mp3 in Resources */,
				6FF74A1329BF786600877D45 /* Summertime Sadness.mp3 in Resources */,
				6FF74A1729BF786E00877D45 /* Something In The Way.mp3 in Resources */,
				6FA053C029B9C5840063A29A /* Assets.xcassets in Resources */,
				6FA053BE29B9C5820063A29A /* Main.storyboard in Resources */,
			);
			runOnlyForDeploymentPostprocessing = 0;
		};
		6FA053C729B9C5840063A29A /* Resources */ = {
			isa = PBXResourcesBuildPhase;
			buildActionMask = 2147483647;
			files = (
			);
			runOnlyForDeploymentPostprocessing = 0;
		};
		6FA053D129B9C5840063A29A /* Resources */ = {
			isa = PBXResourcesBuildPhase;
			buildActionMask = 2147483647;
			files = (
			);
			runOnlyForDeploymentPostprocessing = 0;
		};
/* End PBXResourcesBuildPhase section */

/* Begin PBXSourcesBuildPhase section */
		6FA053AF29B9C5820063A29A /* Sources */ = {
			isa = PBXSourcesBuildPhase;
			buildActionMask = 2147483647;
			files = (
				6F42592429DC1DF500718046 /* MainViewController.swift in Sources */,
				6FA053BB29B9C5820063A29A /* ViewController.swift in Sources */,
				6FA053B729B9C5820063A29A /* AppDelegate.swift in Sources */,
				6FA053E929B9C8F80063A29A /* Music.swift in Sources */,
				6F42592129DC1CB100718046 /* TableViewCell.swift in Sources */,
				6FA053B929B9C5820063A29A /* SceneDelegate.swift in Sources */,
			);
			runOnlyForDeploymentPostprocessing = 0;
		};
		6FA053C529B9C5840063A29A /* Sources */ = {
			isa = PBXSourcesBuildPhase;
			buildActionMask = 2147483647;
			files = (
				6FA053CE29B9C5840063A29A /* MusicAppTests.swift in Sources */,
			);
			runOnlyForDeploymentPostprocessing = 0;
		};
		6FA053CF29B9C5840063A29A /* Sources */ = {
			isa = PBXSourcesBuildPhase;
			buildActionMask = 2147483647;
			files = (
				6FA053DA29B9C5840063A29A /* MusicAppUITestsLaunchTests.swift in Sources */,
				6FA053D829B9C5840063A29A /* MusicAppUITests.swift in Sources */,
			);
			runOnlyForDeploymentPostprocessing = 0;
		};
/* End PBXSourcesBuildPhase section */

/* Begin PBXTargetDependency section */
		6FA053CB29B9C5840063A29A /* PBXTargetDependency */ = {
			isa = PBXTargetDependency;
			target = 6FA053B229B9C5820063A29A /* MusicApp */;
			targetProxy = 6FA053CA29B9C5840063A29A /* PBXContainerItemProxy */;
		};
		6FA053D529B9C5840063A29A /* PBXTargetDependency */ = {
			isa = PBXTargetDependency;
			target = 6FA053B229B9C5820063A29A /* MusicApp */;
			targetProxy = 6FA053D429B9C5840063A29A /* PBXContainerItemProxy */;
		};
/* End PBXTargetDependency section */

/* Begin PBXVariantGroup section */
		6FA053BC29B9C5820063A29A /* Main.storyboard */ = {
			isa = PBXVariantGroup;
			children = (
				6FA053BD29B9C5820063A29A /* Base */,
			);
			name = Main.storyboard;
			sourceTree = "<group>";
		};
		6FA053C129B9C5840063A29A /* LaunchScreen.storyboard */ = {
			isa = PBXVariantGroup;
			children = (
				6FA053C229B9C5840063A29A /* Base */,
			);
			name = LaunchScreen.storyboard;
			sourceTree = "<group>";
		};
/* End PBXVariantGroup section */

/* Begin XCBuildConfiguration section */
		6FA053DB29B9C5840063A29A /* Debug */ = {
			isa = XCBuildConfiguration;
			buildSettings = {
				ALWAYS_SEARCH_USER_PATHS = NO;
				CLANG_ANALYZER_NONNULL = YES;
				CLANG_ANALYZER_NUMBER_OBJECT_CONVERSION = YES_AGGRESSIVE;
				CLANG_CXX_LANGUAGE_STANDARD = "gnu++20";
				CLANG_ENABLE_MODULES = YES;
				CLANG_ENABLE_OBJC_ARC = YES;
				CLANG_ENABLE_OBJC_WEAK = YES;
				CLANG_WARN_BLOCK_CAPTURE_AUTORELEASING = YES;
				CLANG_WARN_BOOL_CONVERSION = YES;
				CLANG_WARN_COMMA = YES;
				CLANG_WARN_CONSTANT_CONVERSION = YES;
				CLANG_WARN_DEPRECATED_OBJC_IMPLEMENTATIONS = YES;
				CLANG_WARN_DIRECT_OBJC_ISA_USAGE = YES_ERROR;
				CLANG_WARN_DOCUMENTATION_COMMENTS = YES;
				CLANG_WARN_EMPTY_BODY = YES;
				CLANG_WARN_ENUM_CONVERSION = YES;
				CLANG_WARN_INFINITE_RECURSION = YES;
				CLANG_WARN_INT_CONVERSION = YES;
				CLANG_WARN_NON_LITERAL_NULL_CONVERSION = YES;
				CLANG_WARN_OBJC_IMPLICIT_RETAIN_SELF = YES;
				CLANG_WARN_OBJC_LITERAL_CONVERSION = YES;
				CLANG_WARN_OBJC_ROOT_CLASS = YES_ERROR;
				CLANG_WARN_QUOTED_INCLUDE_IN_FRAMEWORK_HEADER = YES;
				CLANG_WARN_RANGE_LOOP_ANALYSIS = YES;
				CLANG_WARN_STRICT_PROTOTYPES = YES;
				CLANG_WARN_SUSPICIOUS_MOVE = YES;
				CLANG_WARN_UNGUARDED_AVAILABILITY = YES_AGGRESSIVE;
				CLANG_WARN_UNREACHABLE_CODE = YES;
				CLANG_WARN__DUPLICATE_METHOD_MATCH = YES;
				COPY_PHASE_STRIP = NO;
				DEBUG_INFORMATION_FORMAT = dwarf;
				ENABLE_STRICT_OBJC_MSGSEND = YES;
				ENABLE_TESTABILITY = YES;
				GCC_C_LANGUAGE_STANDARD = gnu11;
				GCC_DYNAMIC_NO_PIC = NO;
				GCC_NO_COMMON_BLOCKS = YES;
				GCC_OPTIMIZATION_LEVEL = 0;
				GCC_PREPROCESSOR_DEFINITIONS = (
					"DEBUG=1",
					"$(inherited)",
				);
				GCC_WARN_64_TO_32_BIT_CONVERSION = YES;
				GCC_WARN_ABOUT_RETURN_TYPE = YES_ERROR;
				GCC_WARN_UNDECLARED_SELECTOR = YES;
				GCC_WARN_UNINITIALIZED_AUTOS = YES_AGGRESSIVE;
				GCC_WARN_UNUSED_FUNCTION = YES;
				GCC_WARN_UNUSED_VARIABLE = YES;
				IPHONEOS_DEPLOYMENT_TARGET = 16.2;
				MTL_ENABLE_DEBUG_INFO = INCLUDE_SOURCE;
				MTL_FAST_MATH = YES;
				ONLY_ACTIVE_ARCH = YES;
				SDKROOT = iphoneos;
				SWIFT_ACTIVE_COMPILATION_CONDITIONS = DEBUG;
				SWIFT_OPTIMIZATION_LEVEL = "-Onone";
			};
			name = Debug;
		};
		6FA053DC29B9C5840063A29A /* Release */ = {
			isa = XCBuildConfiguration;
			buildSettings = {
				ALWAYS_SEARCH_USER_PATHS = NO;
				CLANG_ANALYZER_NONNULL = YES;
				CLANG_ANALYZER_NUMBER_OBJECT_CONVERSION = YES_AGGRESSIVE;
				CLANG_CXX_LANGUAGE_STANDARD = "gnu++20";
				CLANG_ENABLE_MODULES = YES;
				CLANG_ENABLE_OBJC_ARC = YES;
				CLANG_ENABLE_OBJC_WEAK = YES;
				CLANG_WARN_BLOCK_CAPTURE_AUTORELEASING = YES;
				CLANG_WARN_BOOL_CONVERSION = YES;
				CLANG_WARN_COMMA = YES;
				CLANG_WARN_CONSTANT_CONVERSION = YES;
				CLANG_WARN_DEPRECATED_OBJC_IMPLEMENTATIONS = YES;
				CLANG_WARN_DIRECT_OBJC_ISA_USAGE = YES_ERROR;
				CLANG_WARN_DOCUMENTATION_COMMENTS = YES;
				CLANG_WARN_EMPTY_BODY = YES;
				CLANG_WARN_ENUM_CONVERSION = YES;
				CLANG_WARN_INFINITE_RECURSION = YES;
				CLANG_WARN_INT_CONVERSION = YES;
				CLANG_WARN_NON_LITERAL_NULL_CONVERSION = YES;
				CLANG_WARN_OBJC_IMPLICIT_RETAIN_SELF = YES;
				CLANG_WARN_OBJC_LITERAL_CONVERSION = YES;
				CLANG_WARN_OBJC_ROOT_CLASS = YES_ERROR;
				CLANG_WARN_QUOTED_INCLUDE_IN_FRAMEWORK_HEADER = YES;
				CLANG_WARN_RANGE_LOOP_ANALYSIS = YES;
				CLANG_WARN_STRICT_PROTOTYPES = YES;
				CLANG_WARN_SUSPICIOUS_MOVE = YES;
				CLANG_WARN_UNGUARDED_AVAILABILITY = YES_AGGRESSIVE;
				CLANG_WARN_UNREACHABLE_CODE = YES;
				CLANG_WARN__DUPLICATE_METHOD_MATCH = YES;
				COPY_PHASE_STRIP = NO;
				DEBUG_INFORMATION_FORMAT = "dwarf-with-dsym";
				ENABLE_NS_ASSERTIONS = NO;
				ENABLE_STRICT_OBJC_MSGSEND = YES;
				GCC_C_LANGUAGE_STANDARD = gnu11;
				GCC_NO_COMMON_BLOCKS = YES;
				GCC_WARN_64_TO_32_BIT_CONVERSION = YES;
				GCC_WARN_ABOUT_RETURN_TYPE = YES_ERROR;
				GCC_WARN_UNDECLARED_SELECTOR = YES;
				GCC_WARN_UNINITIALIZED_AUTOS = YES_AGGRESSIVE;
				GCC_WARN_UNUSED_FUNCTION = YES;
				GCC_WARN_UNUSED_VARIABLE = YES;
				IPHONEOS_DEPLOYMENT_TARGET = 16.2;
				MTL_ENABLE_DEBUG_INFO = NO;
				MTL_FAST_MATH = YES;
				SDKROOT = iphoneos;
				SWIFT_COMPILATION_MODE = wholemodule;
				SWIFT_OPTIMIZATION_LEVEL = "-O";
				VALIDATE_PRODUCT = YES;
			};
			name = Release;
		};
		6FA053DE29B9C5840063A29A /* Debug */ = {
			isa = XCBuildConfiguration;
			buildSettings = {
				ASSETCATALOG_COMPILER_APPICON_NAME = AppIcon;
				ASSETCATALOG_COMPILER_GLOBAL_ACCENT_COLOR_NAME = AccentColor;
				CODE_SIGN_STYLE = Automatic;
				CURRENT_PROJECT_VERSION = 1;
				GENERATE_INFOPLIST_FILE = YES;
				INFOPLIST_FILE = MusicApp/Info.plist;
				INFOPLIST_KEY_UIApplicationSupportsIndirectInputEvents = YES;
				INFOPLIST_KEY_UILaunchStoryboardName = LaunchScreen;
				INFOPLIST_KEY_UIMainStoryboardFile = Main;
				INFOPLIST_KEY_UISupportedInterfaceOrientations_iPad = "UIInterfaceOrientationPortrait UIInterfaceOrientationPortraitUpsideDown UIInterfaceOrientationLandscapeLeft UIInterfaceOrientationLandscapeRight";
				INFOPLIST_KEY_UISupportedInterfaceOrientations_iPhone = "UIInterfaceOrientationPortrait UIInterfaceOrientationLandscapeLeft UIInterfaceOrientationLandscapeRight";
				LD_RUNPATH_SEARCH_PATHS = (
					"$(inherited)",
					"@executable_path/Frameworks",
				);
				MARKETING_VERSION = 1.0;
				PRODUCT_BUNDLE_IDENTIFIER = naz.MusicApp;
				PRODUCT_NAME = "$(TARGET_NAME)";
				SUPPORTED_PLATFORMS = "iphoneos iphonesimulator";
				SUPPORTS_MACCATALYST = NO;
				SUPPORTS_MAC_DESIGNED_FOR_IPHONE_IPAD = NO;
				SWIFT_EMIT_LOC_STRINGS = YES;
				SWIFT_VERSION = 5.0;
				TARGETED_DEVICE_FAMILY = 1;
			};
			name = Debug;
		};
		6FA053DF29B9C5840063A29A /* Release */ = {
			isa = XCBuildConfiguration;
			buildSettings = {
				ASSETCATALOG_COMPILER_APPICON_NAME = AppIcon;
				ASSETCATALOG_COMPILER_GLOBAL_ACCENT_COLOR_NAME = AccentColor;
				CODE_SIGN_STYLE = Automatic;
				CURRENT_PROJECT_VERSION = 1;
				GENERATE_INFOPLIST_FILE = YES;
				INFOPLIST_FILE = MusicApp/Info.plist;
				INFOPLIST_KEY_UIApplicationSupportsIndirectInputEvents = YES;
				INFOPLIST_KEY_UILaunchStoryboardName = LaunchScreen;
				INFOPLIST_KEY_UIMainStoryboardFile = Main;
				INFOPLIST_KEY_UISupportedInterfaceOrientations_iPad = "UIInterfaceOrientationPortrait UIInterfaceOrientationPortraitUpsideDown UIInterfaceOrientationLandscapeLeft UIInterfaceOrientationLandscapeRight";
				INFOPLIST_KEY_UISupportedInterfaceOrientations_iPhone = "UIInterfaceOrientationPortrait UIInterfaceOrientationLandscapeLeft UIInterfaceOrientationLandscapeRight";
				LD_RUNPATH_SEARCH_PATHS = (
					"$(inherited)",
					"@executable_path/Frameworks",
				);
				MARKETING_VERSION = 1.0;
				PRODUCT_BUNDLE_IDENTIFIER = naz.MusicApp;
				PRODUCT_NAME = "$(TARGET_NAME)";
				SUPPORTED_PLATFORMS = "iphoneos iphonesimulator";
				SUPPORTS_MACCATALYST = NO;
				SUPPORTS_MAC_DESIGNED_FOR_IPHONE_IPAD = NO;
				SWIFT_EMIT_LOC_STRINGS = YES;
				SWIFT_VERSION = 5.0;
				TARGETED_DEVICE_FAMILY = 1;
			};
			name = Release;
		};
		6FA053E129B9C5840063A29A /* Debug */ = {
			isa = XCBuildConfiguration;
			buildSettings = {
				ALWAYS_EMBED_SWIFT_STANDARD_LIBRARIES = YES;
				BUNDLE_LOADER = "$(TEST_HOST)";
				CODE_SIGN_STYLE = Automatic;
				CURRENT_PROJECT_VERSION = 1;
				GENERATE_INFOPLIST_FILE = YES;
				IPHONEOS_DEPLOYMENT_TARGET = 16.2;
				MARKETING_VERSION = 1.0;
				PRODUCT_BUNDLE_IDENTIFIER = naz.MusicAppTests;
				PRODUCT_NAME = "$(TARGET_NAME)";
				SWIFT_EMIT_LOC_STRINGS = NO;
				SWIFT_VERSION = 5.0;
				TARGETED_DEVICE_FAMILY = "1,2";
				TEST_HOST = "$(BUILT_PRODUCTS_DIR)/MusicApp.app/$(BUNDLE_EXECUTABLE_FOLDER_PATH)/MusicApp";
			};
			name = Debug;
		};
		6FA053E229B9C5840063A29A /* Release */ = {
			isa = XCBuildConfiguration;
			buildSettings = {
				ALWAYS_EMBED_SWIFT_STANDARD_LIBRARIES = YES;
				BUNDLE_LOADER = "$(TEST_HOST)";
				CODE_SIGN_STYLE = Automatic;
				CURRENT_PROJECT_VERSION = 1;
				GENERATE_INFOPLIST_FILE = YES;
				IPHONEOS_DEPLOYMENT_TARGET = 16.2;
				MARKETING_VERSION = 1.0;
				PRODUCT_BUNDLE_IDENTIFIER = naz.MusicAppTests;
				PRODUCT_NAME = "$(TARGET_NAME)";
				SWIFT_EMIT_LOC_STRINGS = NO;
				SWIFT_VERSION = 5.0;
				TARGETED_DEVICE_FAMILY = "1,2";
				TEST_HOST = "$(BUILT_PRODUCTS_DIR)/MusicApp.app/$(BUNDLE_EXECUTABLE_FOLDER_PATH)/MusicApp";
			};
			name = Release;
		};
		6FA053E429B9C5840063A29A /* Debug */ = {
			isa = XCBuildConfiguration;
			buildSettings = {
				ALWAYS_EMBED_SWIFT_STANDARD_LIBRARIES = YES;
				CODE_SIGN_STYLE = Automatic;
				CURRENT_PROJECT_VERSION = 1;
				GENERATE_INFOPLIST_FILE = YES;
				MARKETING_VERSION = 1.0;
				PRODUCT_BUNDLE_IDENTIFIER = naz.MusicAppUITests;
				PRODUCT_NAME = "$(TARGET_NAME)";
				SWIFT_EMIT_LOC_STRINGS = NO;
				SWIFT_VERSION = 5.0;
				TARGETED_DEVICE_FAMILY = "1,2";
				TEST_TARGET_NAME = MusicApp;
			};
			name = Debug;
		};
		6FA053E529B9C5840063A29A /* Release */ = {
			isa = XCBuildConfiguration;
			buildSettings = {
				ALWAYS_EMBED_SWIFT_STANDARD_LIBRARIES = YES;
				CODE_SIGN_STYLE = Automatic;
				CURRENT_PROJECT_VERSION = 1;
				GENERATE_INFOPLIST_FILE = YES;
				MARKETING_VERSION = 1.0;
				PRODUCT_BUNDLE_IDENTIFIER = naz.MusicAppUITests;
				PRODUCT_NAME = "$(TARGET_NAME)";
				SWIFT_EMIT_LOC_STRINGS = NO;
				SWIFT_VERSION = 5.0;
				TARGETED_DEVICE_FAMILY = "1,2";
				TEST_TARGET_NAME = MusicApp;
			};
			name = Release;
		};
/* End XCBuildConfiguration section */

/* Begin XCConfigurationList section */
		6FA053AE29B9C5820063A29A /* Build configuration list for PBXProject "MusicApp" */ = {
			isa = XCConfigurationList;
			buildConfigurations = (
				6FA053DB29B9C5840063A29A /* Debug */,
				6FA053DC29B9C5840063A29A /* Release */,
			);
			defaultConfigurationIsVisible = 0;
			defaultConfigurationName = Release;
		};
		6FA053DD29B9C5840063A29A /* Build configuration list for PBXNativeTarget "MusicApp" */ = {
			isa = XCConfigurationList;
			buildConfigurations = (
				6FA053DE29B9C5840063A29A /* Debug */,
				6FA053DF29B9C5840063A29A /* Release */,
			);
			defaultConfigurationIsVisible = 0;
			defaultConfigurationName = Release;
		};
		6FA053E029B9C5840063A29A /* Build configuration list for PBXNativeTarget "MusicAppTests" */ = {
			isa = XCConfigurationList;
			buildConfigurations = (
				6FA053E129B9C5840063A29A /* Debug */,
				6FA053E229B9C5840063A29A /* Release */,
			);
			defaultConfigurationIsVisible = 0;
			defaultConfigurationName = Release;
		};
		6FA053E329B9C5840063A29A /* Build configuration list for PBXNativeTarget "MusicAppUITests" */ = {
			isa = XCConfigurationList;
			buildConfigurations = (
				6FA053E429B9C5840063A29A /* Debug */,
				6FA053E529B9C5840063A29A /* Release */,
			);
			defaultConfigurationIsVisible = 0;
			defaultConfigurationName = Release;
		};
/* End XCConfigurationList section */
	};
	rootObject = 6FA053AB29B9C5820063A29A /* Project object */;
}
